
Microsoft Visual Studio Solution File, Format Version 12.00
Project("{FAE04EC0-301F-11D3-BF4B-00C04F79EFBC}") = "AuthorizationServer", "Src\AuthorizationServer\AuthorizationServer.csproj", "{0833ADBB-B6DE-43C9-8D3F-63C4ABD74468}"
EndProject
Project("{FAE04EC0-301F-11D3-BF4B-00C04F79EFBC}") = "AuthorizationServer.UnitTests", "Tests\AuthorizationServer.UnitTests\AuthorizationServer.UnitTests.csproj", "{C8792FA0-8BD1-451F-8E24-65871544FE32}"
EndProject
Global
	GlobalSection(SolutionConfigurationPlatforms) = preSolution
		Debug|Any CPU = Debug|Any CPU
		Release|Any CPU = Release|Any CPU
	EndGlobalSection
	GlobalSection(ProjectConfigurationPlatforms) = postSolution
		{0833ADBB-B6DE-43C9-8D3F-63C4ABD74468}.Debug|Any CPU.ActiveCfg = Debug|Any CPU
		{0833ADBB-B6DE-43C9-8D3F-63C4ABD74468}.Debug|Any CPU.Build.0 = Debug|Any CPU
		{0833ADBB-B6DE-43C9-8D3F-63C4ABD74468}.Release|Any CPU.ActiveCfg = Release|Any CPU
		{0833ADBB-B6DE-43C9-8D3F-63C4ABD74468}.Release|Any CPU.Build.0 = Release|Any CPU
		{C8792FA0-8BD1-451F-8E24-65871544FE32}.Debug|Any CPU.ActiveCfg = Debug|Any CPU
		{C8792FA0-8BD1-451F-8E24-65871544FE32}.Debug|Any CPU.Build.0 = Debug|Any CPU
		{C8792FA0-8BD1-451F-8E24-65871544FE32}.Release|Any CPU.ActiveCfg = Release|Any CPU
		{C8792FA0-8BD1-451F-8E24-65871544FE32}.Release|Any CPU.Build.0 = Release|Any CPU
	EndGlobalSection
EndGlobal
